{
  "nodes": {
    "nixpkgs": {
      "locked": {
        "lastModified": 1634319982,
        "narHash": "sha256-jJ83sVEX20uT0AulXm351TdlBX3ApFmCwF+U/FGdw6Q=",
        "owner": "NixOS",
        "repo": "nixpkgs",
        "rev": "bcd05cd2ab0a3f87718ddd1dfc61e6ba6f9f7087",
        "type": "github"
      },
      "original": {
        "id": "nixpkgs",
        "type": "indirect"
      }
    },
    "root": {
      "inputs": {
        "nixpkgs": "nixpkgs",
        "utils": "utils"
      }
    },
    "utils": {
      "locked": {
        "lastModified": 1631561581,
        "narHash": "sha256-3VQMV5zvxaVLvqqUrNz3iJelLw30mIVSfZmAaauM3dA=",
        "owner": "numtide",
        "repo": "flake-utils",
        "rev": "7e5bf3925f6fbdfaf50a2a7ca0be2879c4261d19",
        "type": "github"
      },
      "original": {
        "owner": "numtide",
        "repo": "flake-utils",
        "type": "github"
      }
    }
  },
  "root": "root",
  "version": 7
}
